
Microsoft Visual Studio Solution File, Format Version 12.00
# Visual Studio Version 17
VisualStudioVersion = 17.14.36327.8 d17.14
MinimumVisualStudioVersion = 10.0.40219.1
Project("{FAE04EC0-301F-11D3-BF4B-00C04F79EFBC}") = "TaskMesh.Core", "..\TaskMesh.Core\TaskMesh.Core.csproj", "{F15785AB-F3DC-4836-B334-EC2F2D162292}"
EndProject
Project("{FAE04EC0-301F-11D3-BF4B-00C04F79EFBC}") = "TaskMesh.Master", "..\TaskMesh.Master\TaskMesh.Master.csproj", "{5AE5D99C-FCDF-4FDE-87A3-F48C61E00C5E}"
EndProject
Project("{FAE04EC0-301F-11D3-BF4B-00C04F79EFBC}") = "TaskMesh.Worker", "..\TaskMesh.Worker\TaskMesh.Worker.csproj", "{B55DA6FF-2D4E-4BCE-9AE3-EABC01273006}"
EndProject
Global
	GlobalSection(SolutionConfigurationPlatforms) = preSolution
		Debug|Any CPU = Debug|Any CPU
		Release|Any CPU = Release|Any CPU
	EndGlobalSection
	GlobalSection(ProjectConfigurationPlatforms) = postSolution
		{F15785AB-F3DC-4836-B334-EC2F2D162292}.Debug|Any CPU.ActiveCfg = Debug|Any CPU
		{F15785AB-F3DC-4836-B334-EC2F2D162292}.Debug|Any CPU.Build.0 = Debug|Any CPU
		{F15785AB-F3DC-4836-B334-EC2F2D162292}.Release|Any CPU.ActiveCfg = Release|Any CPU
		{F15785AB-F3DC-4836-B334-EC2F2D162292}.Release|Any CPU.Build.0 = Release|Any CPU
		{5AE5D99C-FCDF-4FDE-87A3-F48C61E00C5E}.Debug|Any CPU.ActiveCfg = Debug|Any CPU
		{5AE5D99C-FCDF-4FDE-87A3-F48C61E00C5E}.Debug|Any CPU.Build.0 = Debug|Any CPU
		{5AE5D99C-FCDF-4FDE-87A3-F48C61E00C5E}.Release|Any CPU.ActiveCfg = Release|Any CPU
		{5AE5D99C-FCDF-4FDE-87A3-F48C61E00C5E}.Release|Any CPU.Build.0 = Release|Any CPU
		{B55DA6FF-2D4E-4BCE-9AE3-EABC01273006}.Debug|Any CPU.ActiveCfg = Debug|Any CPU
		{B55DA6FF-2D4E-4BCE-9AE3-EABC01273006}.Debug|Any CPU.Build.0 = Debug|Any CPU
		{B55DA6FF-2D4E-4BCE-9AE3-EABC01273006}.Release|Any CPU.ActiveCfg = Release|Any CPU
		{B55DA6FF-2D4E-4BCE-9AE3-EABC01273006}.Release|Any CPU.Build.0 = Release|Any CPU
	EndGlobalSection
	GlobalSection(SolutionProperties) = preSolution
		HideSolutionNode = FALSE
	EndGlobalSection
	GlobalSection(ExtensibilityGlobals) = postSolution
		SolutionGuid = {1DDFC6A8-6DE4-4E7C-9570-E281D1162713}
	EndGlobalSection
EndGlobal
